
Microsoft Visual Studio Solution File, Format Version 12.00
# Visual Studio Version 17
VisualStudioVersion = 17.7.34031.279
MinimumVisualStudioVersion = 10.0.40219.1
Project("{FAE04EC0-301F-11D3-BF4B-00C04F79EFBC}") = "Calculator", "Calculator\Calculator.csproj", "{10B6EBE8-1BB1-48F1-A5EF-B84E6D727FDD}"
EndProject
Global
	GlobalSection(SolutionConfigurationPlatforms) = preSolution
		Debug|Any CPU = Debug|Any CPU
		Release|Any CPU = Release|Any CPU
	EndGlobalSection
	GlobalSection(ProjectConfigurationPlatforms) = postSolution
		{10B6EBE8-1BB1-48F1-A5EF-B84E6D727FDD}.Debug|Any CPU.ActiveCfg = Debug|Any CPU
		{10B6EBE8-1BB1-48F1-A5EF-B84E6D727FDD}.Debug|Any CPU.Build.0 = Debug|Any CPU
		{10B6EBE8-1BB1-48F1-A5EF-B84E6D727FDD}.Release|Any CPU.ActiveCfg = Release|Any CPU
		{10B6EBE8-1BB1-48F1-A5EF-B84E6D727FDD}.Release|Any CPU.Build.0 = Release|Any CPU
	EndGlobalSection
	GlobalSection(SolutionProperties) = preSolution
		HideSolutionNode = FALSE
	EndGlobalSection
	GlobalSection(ExtensibilityGlobals) = postSolution
		SolutionGuid = {87FE9657-B330-41AE-B76F-A9D2D6771AFE}
	EndGlobalSection
EndGlobal
